
Microsoft Visual Studio Solution File, Format Version 12.00
# Visual Studio Version 17
VisualStudioVersion = 17.11.35312.102
MinimumVisualStudioVersion = 10.0.40219.1
Project("{FAE04EC0-301F-11D3-BF4B-00C04F79EFBC}") = "GrpcGreeter", "GrpcGreeter\GrpcGreeter.csproj", "{9946AEE9-D47E-4D29-808A-0554CDA303AF}"
EndProject
Project("{FAE04EC0-301F-11D3-BF4B-00C04F79EFBC}") = "GrpcGreeterClient", "GrpcGreeterClient\GrpcGreeterClient.csproj", "{D0CB7AA9-7728-4E06-8077-93E8E816DF17}"
EndProject
Global
	GlobalSection(SolutionConfigurationPlatforms) = preSolution
		Debug|Any CPU = Debug|Any CPU
		Release|Any CPU = Release|Any CPU
	EndGlobalSection
	GlobalSection(ProjectConfigurationPlatforms) = postSolution
		{9946AEE9-D47E-4D29-808A-0554CDA303AF}.Debug|Any CPU.ActiveCfg = Debug|Any CPU
		{9946AEE9-D47E-4D29-808A-0554CDA303AF}.Debug|Any CPU.Build.0 = Debug|Any CPU
		{9946AEE9-D47E-4D29-808A-0554CDA303AF}.Release|Any CPU.ActiveCfg = Release|Any CPU
		{9946AEE9-D47E-4D29-808A-0554CDA303AF}.Release|Any CPU.Build.0 = Release|Any CPU
		{D0CB7AA9-7728-4E06-8077-93E8E816DF17}.Debug|Any CPU.ActiveCfg = Debug|Any CPU
		{D0CB7AA9-7728-4E06-8077-93E8E816DF17}.Debug|Any CPU.Build.0 = Debug|Any CPU
		{D0CB7AA9-7728-4E06-8077-93E8E816DF17}.Release|Any CPU.ActiveCfg = Release|Any CPU
		{D0CB7AA9-7728-4E06-8077-93E8E816DF17}.Release|Any CPU.Build.0 = Release|Any CPU
	EndGlobalSection
	GlobalSection(SolutionProperties) = preSolution
		HideSolutionNode = FALSE
	EndGlobalSection
	GlobalSection(ExtensibilityGlobals) = postSolution
		SolutionGuid = {FE063CBB-40DE-4E97-B7DA-B11974866C2C}
	EndGlobalSection
EndGlobal
